{
  "name": "hebrewtransliterate",
  "version": "1.0.0",
  "lockfileVersion": 1,
  "requires": true,
  "dependencies": {
    "hebrew-transliteration": {
      "version": "1.2.5",
      "resolved": "https://registry.npmjs.org/hebrew-transliteration/-/hebrew-transliteration-1.2.5.tgz",
      "integrity": "sha512-FelWYVbwhvKg2nfRb5u6dhIstyWgbz3zbsiEhGaPxKacTyqxuljJiwWkj0ACO+Pl1DTDWcFp3mby7m4ZIuTpIA=="
    }
  }
}
